
Microsoft Visual Studio Solution File, Format Version 12.00
# Visual Studio Version 17
VisualStudioVersion = 17.6.33829.357
MinimumVisualStudioVersion = 10.0.40219.1
Project("{9A19103F-16F7-4668-BE54-9A1E7A4F7556}") = "libNotionUMSCore", "libNotionUMSCore\libNotionUMSCore.csproj", "{4E3F399F-B9C1-4DF4-AB03-848F7EA6372A}"
EndProject
Project("{9A19103F-16F7-4668-BE54-9A1E7A4F7556}") = "Notion-UMS", "NotionUMS\Notion-UMS.csproj", "{F2DE4097-52D4-42CB-99B9-58B4282F3C98}"
EndProject
Global
	GlobalSection(SolutionConfigurationPlatforms) = preSolution
		Debug|Any CPU = Debug|Any CPU
		Release|Any CPU = Release|Any CPU
	EndGlobalSection
	GlobalSection(ProjectConfigurationPlatforms) = postSolution
		{4E3F399F-B9C1-4DF4-AB03-848F7EA6372A}.Debug|Any CPU.ActiveCfg = Debug|Any CPU
		{4E3F399F-B9C1-4DF4-AB03-848F7EA6372A}.Debug|Any CPU.Build.0 = Debug|Any CPU
		{4E3F399F-B9C1-4DF4-AB03-848F7EA6372A}.Release|Any CPU.ActiveCfg = Release|Any CPU
		{4E3F399F-B9C1-4DF4-AB03-848F7EA6372A}.Release|Any CPU.Build.0 = Release|Any CPU
		{F2DE4097-52D4-42CB-99B9-58B4282F3C98}.Debug|Any CPU.ActiveCfg = Debug|Any CPU
		{F2DE4097-52D4-42CB-99B9-58B4282F3C98}.Debug|Any CPU.Build.0 = Debug|Any CPU
		{F2DE4097-52D4-42CB-99B9-58B4282F3C98}.Release|Any CPU.ActiveCfg = Release|Any CPU
		{F2DE4097-52D4-42CB-99B9-58B4282F3C98}.Release|Any CPU.Build.0 = Release|Any CPU
	EndGlobalSection
	GlobalSection(SolutionProperties) = preSolution
		HideSolutionNode = FALSE
	EndGlobalSection
	GlobalSection(ExtensibilityGlobals) = postSolution
		SolutionGuid = {F00DBC91-4A7B-4E50-99BA-80B8DB315601}
	EndGlobalSection
EndGlobal
